github.com/davecgh/go-spew v1.1.0/go.mod h1:J7Y8YcW2NihsgmVo/mv3lAwl/skON4iLHjSsI+c5H38=
github.com/gofrs/uuid v3.2.0+incompatible h1:y12jRkkFxsd7GpqdSZ+/KCs/fJbqpEXSGd4+jfEaewE=
github.com/gofrs/uuid v3.2.0+incompatible/go.mod h1:b2aQJv3Z4Fp6yNu3cdSllBxTCLRxnplIgP/c0N/04lM=
github.com/gortc/sdp v0.15.0 h1:IXnWq3mN35FhI+w7teqvzkvwYsIoqAtvRat0Hyc7gdM=
github.com/gortc/sdp v0.15.0/go.mod h1:yHG6rNKsCgfN3QoLIKYICt0hacWMhC+b5WRuk/B9oEs=
github.com/pkg/errors v0.8.1 h1:iURUrRGxPUNPdy5/HRSm+Yj6okJ6UtLINN0Q9M4+h3I=
github.com/pkg/errors v0.8.1/go.mod h1:bwawxfHBFNV+L2hUp1rHADufV3IMtnDRdf1r5NINEl0=
github.com/pmezard/go-difflib v1.0.0/go.mod h1:iKH77koFhYxTK1pcRnkKkqfTogsbg7gZNVY4sRDYZ/4=
github.com/rsfreitas/go-rtsp v0.0.0-20190502014900-4026ec5d8863 h1:JSG9+KptURNCY/Umm9weXkBbs0VktSHc1dKpCcA3SLE=
github.com/stretchr/objx v0.1.0/go.mod h1:HFkY916IF+rwdDfMAkV7OtwuqBVzrE8GR6GFx+wExME=
github.com/stretchr/testify v1.3.0/go.mod h1:M5WIy9Dh21IEIfnGCwXGc5bZfKNJtfHm1UVUgZn+9EI=
github.com/wernerd/gortp v0.0.0-20180611175553-324aada92a14 h1:0CqAUjc3CwoTff8N2qUl2/WzI7pHdJX19Uj+alH7a1M=
github.com/wernerd/gortp v0.0.0-20180611175553-324aada92a14/go.mod h1:DZF7N1sP1HxH+mxwmB+Cj0Xyx4m0158w0ArT5b/Lz2o=
